
Microsoft Visual Studio Solution File, Format Version 12.00
# Visual Studio Version 16
VisualStudioVersion = 16.0.31205.134
MinimumVisualStudioVersion = 10.0.40219.1
Project("{FAE04EC0-301F-11D3-BF4B-00C04F79EFBC}") = "LF.WPFControl", "..\..\Libraries\UI\LF.WPFControl\LF.WPFControl.csproj", "{21F70D39-5B21-468C-AD20-FE624FEC6AE3}"
EndProject
Project("{2150E333-8FDC-42A3-9474-1A3956D46DE8}") = "Lib", "Lib", "{53F8DB69-D3D2-4082-956F-C71201DF0423}"
EndProject
Project("{FAE04EC0-301F-11D3-BF4B-00C04F79EFBC}") = "LF", "..\..\Libraries\Common\LF\LF.csproj", "{E2AF2210-1713-4D1A-BB15-BD5F797265A6}"
EndProject
Project("{2150E333-8FDC-42A3-9474-1A3956D46DE8}") = "Pro", "Pro", "{4D44EA40-DD57-4357-AA2E-4C59BA13BD84}"
EndProject
Project("{FAE04EC0-301F-11D3-BF4B-00C04F79EFBC}") = "LF.SimSchool.Project", "LF.SimSchool.Project\LF.SimSchool.Project.csproj", "{629A5EA6-68DA-489D-A85A-12BDDDCBF161}"
EndProject
Project("{FAE04EC0-301F-11D3-BF4B-00C04F79EFBC}") = "LF.WPFGame", "..\..\Libraries\UI\LF.WPFGame\LF.WPFGame.csproj", "{58F161F7-194F-4C7F-B957-842CE218585C}"
EndProject
Global
	GlobalSection(SolutionConfigurationPlatforms) = preSolution
		Debug|Any CPU = Debug|Any CPU
		Release|Any CPU = Release|Any CPU
	EndGlobalSection
	GlobalSection(ProjectConfigurationPlatforms) = postSolution
		{21F70D39-5B21-468C-AD20-FE624FEC6AE3}.Debug|Any CPU.ActiveCfg = Debug|Any CPU
		{21F70D39-5B21-468C-AD20-FE624FEC6AE3}.Debug|Any CPU.Build.0 = Debug|Any CPU
		{21F70D39-5B21-468C-AD20-FE624FEC6AE3}.Release|Any CPU.ActiveCfg = Release|Any CPU
		{21F70D39-5B21-468C-AD20-FE624FEC6AE3}.Release|Any CPU.Build.0 = Release|Any CPU
		{E2AF2210-1713-4D1A-BB15-BD5F797265A6}.Debug|Any CPU.ActiveCfg = Debug|Any CPU
		{E2AF2210-1713-4D1A-BB15-BD5F797265A6}.Debug|Any CPU.Build.0 = Debug|Any CPU
		{E2AF2210-1713-4D1A-BB15-BD5F797265A6}.Release|Any CPU.ActiveCfg = Release|Any CPU
		{E2AF2210-1713-4D1A-BB15-BD5F797265A6}.Release|Any CPU.Build.0 = Release|Any CPU
		{629A5EA6-68DA-489D-A85A-12BDDDCBF161}.Debug|Any CPU.ActiveCfg = Debug|Any CPU
		{629A5EA6-68DA-489D-A85A-12BDDDCBF161}.Debug|Any CPU.Build.0 = Debug|Any CPU
		{629A5EA6-68DA-489D-A85A-12BDDDCBF161}.Release|Any CPU.ActiveCfg = Release|Any CPU
		{629A5EA6-68DA-489D-A85A-12BDDDCBF161}.Release|Any CPU.Build.0 = Release|Any CPU
		{58F161F7-194F-4C7F-B957-842CE218585C}.Debug|Any CPU.ActiveCfg = Debug|Any CPU
		{58F161F7-194F-4C7F-B957-842CE218585C}.Debug|Any CPU.Build.0 = Debug|Any CPU
		{58F161F7-194F-4C7F-B957-842CE218585C}.Release|Any CPU.ActiveCfg = Release|Any CPU
		{58F161F7-194F-4C7F-B957-842CE218585C}.Release|Any CPU.Build.0 = Release|Any CPU
	EndGlobalSection
	GlobalSection(SolutionProperties) = preSolution
		HideSolutionNode = FALSE
	EndGlobalSection
	GlobalSection(NestedProjects) = preSolution
		{21F70D39-5B21-468C-AD20-FE624FEC6AE3} = {53F8DB69-D3D2-4082-956F-C71201DF0423}
		{E2AF2210-1713-4D1A-BB15-BD5F797265A6} = {53F8DB69-D3D2-4082-956F-C71201DF0423}
		{629A5EA6-68DA-489D-A85A-12BDDDCBF161} = {4D44EA40-DD57-4357-AA2E-4C59BA13BD84}
		{58F161F7-194F-4C7F-B957-842CE218585C} = {53F8DB69-D3D2-4082-956F-C71201DF0423}
	EndGlobalSection
	GlobalSection(ExtensibilityGlobals) = postSolution
		SolutionGuid = {36278BF8-F180-4E40-A2D5-8AB05E6C1445}
	EndGlobalSection
EndGlobal
