
Microsoft Visual Studio Solution File, Format Version 12.00
# Visual Studio Version 16
VisualStudioVersion = 16.0.31205.134
MinimumVisualStudioVersion = 10.0.40219.1
Project("{FAE04EC0-301F-11D3-BF4B-00C04F79EFBC}") = "LF.Tetris.Project", "LF.Tetris.Project\LF.Tetris.Project.csproj", "{3C530B2B-C531-4E7F-9C72-8DEE2A3CACE1}"
EndProject
Global
	GlobalSection(SolutionConfigurationPlatforms) = preSolution
		Debug|Any CPU = Debug|Any CPU
		Release|Any CPU = Release|Any CPU
	EndGlobalSection
	GlobalSection(ProjectConfigurationPlatforms) = postSolution
		{3C530B2B-C531-4E7F-9C72-8DEE2A3CACE1}.Debug|Any CPU.ActiveCfg = Debug|Any CPU
		{3C530B2B-C531-4E7F-9C72-8DEE2A3CACE1}.Debug|Any CPU.Build.0 = Debug|Any CPU
		{3C530B2B-C531-4E7F-9C72-8DEE2A3CACE1}.Release|Any CPU.ActiveCfg = Release|Any CPU
		{3C530B2B-C531-4E7F-9C72-8DEE2A3CACE1}.Release|Any CPU.Build.0 = Release|Any CPU
	EndGlobalSection
	GlobalSection(SolutionProperties) = preSolution
		HideSolutionNode = FALSE
	EndGlobalSection
	GlobalSection(ExtensibilityGlobals) = postSolution
		SolutionGuid = {B9E2E297-D5D3-4CD5-8856-74F760AA5DE7}
	EndGlobalSection
EndGlobal
