
Microsoft Visual Studio Solution File, Format Version 12.00
# Visual Studio Version 16
VisualStudioVersion = 16.0.31205.134
MinimumVisualStudioVersion = 10.0.40219.1
Project("{FAE04EC0-301F-11D3-BF4B-00C04F79EFBC}") = "LF.FlightControl.Project", "LF.FlightControl.Project\LF.FlightControl.Project.csproj", "{8545D876-FEB3-4B9B-BFD4-687BA62AFD7C}"
EndProject
Project("{FAE04EC0-301F-11D3-BF4B-00C04F79EFBC}") = "LF.FlightControl", "..\..\Libraries\Academics\LF.FlightControl\LF.FlightControl.csproj", "{DB78458B-2762-4DA0-8DB1-E2D706AE024A}"
EndProject
Project("{FAE04EC0-301F-11D3-BF4B-00C04F79EFBC}") = "LF.Controls", "..\..\Libraries\UI\LF.Controls\LF.Controls.csproj", "{993CDD3E-B574-40E9-8F73-7AB99FF9F0B9}"
EndProject
Project("{2150E333-8FDC-42A3-9474-1A3956D46DE8}") = "Lib", "Lib", "{C74D401C-AABC-441D-A31C-341AAC4222C1}"
EndProject
Project("{FAE04EC0-301F-11D3-BF4B-00C04F79EFBC}") = "LF.Mathematics", "..\..\Libraries\Common\LF.Mathematics\LF.Mathematics.csproj", "{51356402-A5FD-43E8-8C1E-E321AB256667}"
EndProject
Project("{FAE04EC0-301F-11D3-BF4B-00C04F79EFBC}") = "LF", "..\..\Libraries\Common\LF\LF.csproj", "{9FEDA7E4-F210-4864-9B05-5F93086B926E}"
EndProject
Global
	GlobalSection(SolutionConfigurationPlatforms) = preSolution
		Debug|Any CPU = Debug|Any CPU
		Release|Any CPU = Release|Any CPU
	EndGlobalSection
	GlobalSection(ProjectConfigurationPlatforms) = postSolution
		{8545D876-FEB3-4B9B-BFD4-687BA62AFD7C}.Debug|Any CPU.ActiveCfg = Debug|Any CPU
		{8545D876-FEB3-4B9B-BFD4-687BA62AFD7C}.Debug|Any CPU.Build.0 = Debug|Any CPU
		{8545D876-FEB3-4B9B-BFD4-687BA62AFD7C}.Release|Any CPU.ActiveCfg = Release|Any CPU
		{8545D876-FEB3-4B9B-BFD4-687BA62AFD7C}.Release|Any CPU.Build.0 = Release|Any CPU
		{DB78458B-2762-4DA0-8DB1-E2D706AE024A}.Debug|Any CPU.ActiveCfg = Debug|Any CPU
		{DB78458B-2762-4DA0-8DB1-E2D706AE024A}.Debug|Any CPU.Build.0 = Debug|Any CPU
		{DB78458B-2762-4DA0-8DB1-E2D706AE024A}.Release|Any CPU.ActiveCfg = Release|Any CPU
		{DB78458B-2762-4DA0-8DB1-E2D706AE024A}.Release|Any CPU.Build.0 = Release|Any CPU
		{993CDD3E-B574-40E9-8F73-7AB99FF9F0B9}.Debug|Any CPU.ActiveCfg = Debug|Any CPU
		{993CDD3E-B574-40E9-8F73-7AB99FF9F0B9}.Debug|Any CPU.Build.0 = Debug|Any CPU
		{993CDD3E-B574-40E9-8F73-7AB99FF9F0B9}.Release|Any CPU.ActiveCfg = Release|Any CPU
		{993CDD3E-B574-40E9-8F73-7AB99FF9F0B9}.Release|Any CPU.Build.0 = Release|Any CPU
		{51356402-A5FD-43E8-8C1E-E321AB256667}.Debug|Any CPU.ActiveCfg = Debug|Any CPU
		{51356402-A5FD-43E8-8C1E-E321AB256667}.Debug|Any CPU.Build.0 = Debug|Any CPU
		{51356402-A5FD-43E8-8C1E-E321AB256667}.Release|Any CPU.ActiveCfg = Release|Any CPU
		{51356402-A5FD-43E8-8C1E-E321AB256667}.Release|Any CPU.Build.0 = Release|Any CPU
		{9FEDA7E4-F210-4864-9B05-5F93086B926E}.Debug|Any CPU.ActiveCfg = Debug|Any CPU
		{9FEDA7E4-F210-4864-9B05-5F93086B926E}.Debug|Any CPU.Build.0 = Debug|Any CPU
		{9FEDA7E4-F210-4864-9B05-5F93086B926E}.Release|Any CPU.ActiveCfg = Release|Any CPU
		{9FEDA7E4-F210-4864-9B05-5F93086B926E}.Release|Any CPU.Build.0 = Release|Any CPU
	EndGlobalSection
	GlobalSection(SolutionProperties) = preSolution
		HideSolutionNode = FALSE
	EndGlobalSection
	GlobalSection(NestedProjects) = preSolution
		{DB78458B-2762-4DA0-8DB1-E2D706AE024A} = {C74D401C-AABC-441D-A31C-341AAC4222C1}
		{993CDD3E-B574-40E9-8F73-7AB99FF9F0B9} = {C74D401C-AABC-441D-A31C-341AAC4222C1}
		{51356402-A5FD-43E8-8C1E-E321AB256667} = {C74D401C-AABC-441D-A31C-341AAC4222C1}
		{9FEDA7E4-F210-4864-9B05-5F93086B926E} = {C74D401C-AABC-441D-A31C-341AAC4222C1}
	EndGlobalSection
	GlobalSection(ExtensibilityGlobals) = postSolution
		SolutionGuid = {F007F75D-DA9E-4A3B-8F82-F3B5D363B8BA}
	EndGlobalSection
EndGlobal
