
Microsoft Visual Studio Solution File, Format Version 12.00
# Visual Studio Version 16
VisualStudioVersion = 16.0.31205.134
MinimumVisualStudioVersion = 10.0.40219.1
Project("{FAE04EC0-301F-11D3-BF4B-00C04F79EFBC}") = "LF.Figure.Project", "LF.Figure.Project\LF.Figure.Project.csproj", "{4451CF90-B640-4831-A917-53F4082D1708}"
EndProject
Project("{2150E333-8FDC-42A3-9474-1A3956D46DE8}") = "Lib", "Lib", "{AF4BB5AC-5C08-4365-A1E1-939ECE743B70}"
EndProject
Project("{FAE04EC0-301F-11D3-BF4B-00C04F79EFBC}") = "LF.Figure", "..\..\Libraries\UI\LF.Figure\LF.Figure.csproj", "{894235FE-0A8A-48C6-BD22-44FD65F8E5D6}"
EndProject
Project("{FAE04EC0-301F-11D3-BF4B-00C04F79EFBC}") = "LF.WPFControl", "..\..\Libraries\UI\LF.WPFControl\LF.WPFControl.csproj", "{21F70D39-5B21-468C-AD20-FE624FEC6AE3}"
EndProject
Project("{FAE04EC0-301F-11D3-BF4B-00C04F79EFBC}") = "LF", "..\..\Libraries\Common\LF\LF.csproj", "{E2AF2210-1713-4D1A-BB15-BD5F797265A6}"
EndProject
Global
	GlobalSection(SolutionConfigurationPlatforms) = preSolution
		Debug|Any CPU = Debug|Any CPU
		Release|Any CPU = Release|Any CPU
	EndGlobalSection
	GlobalSection(ProjectConfigurationPlatforms) = postSolution
		{4451CF90-B640-4831-A917-53F4082D1708}.Debug|Any CPU.ActiveCfg = Debug|Any CPU
		{4451CF90-B640-4831-A917-53F4082D1708}.Debug|Any CPU.Build.0 = Debug|Any CPU
		{4451CF90-B640-4831-A917-53F4082D1708}.Release|Any CPU.ActiveCfg = Release|Any CPU
		{4451CF90-B640-4831-A917-53F4082D1708}.Release|Any CPU.Build.0 = Release|Any CPU
		{894235FE-0A8A-48C6-BD22-44FD65F8E5D6}.Debug|Any CPU.ActiveCfg = Debug|Any CPU
		{894235FE-0A8A-48C6-BD22-44FD65F8E5D6}.Debug|Any CPU.Build.0 = Debug|Any CPU
		{894235FE-0A8A-48C6-BD22-44FD65F8E5D6}.Release|Any CPU.ActiveCfg = Release|Any CPU
		{894235FE-0A8A-48C6-BD22-44FD65F8E5D6}.Release|Any CPU.Build.0 = Release|Any CPU
		{21F70D39-5B21-468C-AD20-FE624FEC6AE3}.Debug|Any CPU.ActiveCfg = Debug|Any CPU
		{21F70D39-5B21-468C-AD20-FE624FEC6AE3}.Debug|Any CPU.Build.0 = Debug|Any CPU
		{21F70D39-5B21-468C-AD20-FE624FEC6AE3}.Release|Any CPU.ActiveCfg = Release|Any CPU
		{21F70D39-5B21-468C-AD20-FE624FEC6AE3}.Release|Any CPU.Build.0 = Release|Any CPU
		{E2AF2210-1713-4D1A-BB15-BD5F797265A6}.Debug|Any CPU.ActiveCfg = Debug|Any CPU
		{E2AF2210-1713-4D1A-BB15-BD5F797265A6}.Debug|Any CPU.Build.0 = Debug|Any CPU
		{E2AF2210-1713-4D1A-BB15-BD5F797265A6}.Release|Any CPU.ActiveCfg = Release|Any CPU
		{E2AF2210-1713-4D1A-BB15-BD5F797265A6}.Release|Any CPU.Build.0 = Release|Any CPU
	EndGlobalSection
	GlobalSection(SolutionProperties) = preSolution
		HideSolutionNode = FALSE
	EndGlobalSection
	GlobalSection(NestedProjects) = preSolution
		{894235FE-0A8A-48C6-BD22-44FD65F8E5D6} = {AF4BB5AC-5C08-4365-A1E1-939ECE743B70}
		{21F70D39-5B21-468C-AD20-FE624FEC6AE3} = {AF4BB5AC-5C08-4365-A1E1-939ECE743B70}
		{E2AF2210-1713-4D1A-BB15-BD5F797265A6} = {AF4BB5AC-5C08-4365-A1E1-939ECE743B70}
	EndGlobalSection
	GlobalSection(ExtensibilityGlobals) = postSolution
		SolutionGuid = {B6EFBA36-30F0-4BDE-87A8-7155E2D75BE8}
	EndGlobalSection
EndGlobal
