
Microsoft Visual Studio Solution File, Format Version 12.00
# Visual Studio Version 16
VisualStudioVersion = 16.0.29503.13
MinimumVisualStudioVersion = 10.0.40219.1
Project("{FAE04EC0-301F-11D3-BF4B-00C04F79EFBC}") = "LF.Figure.Project", "LF.Figure.Project\LF.Figure.Project.csproj", "{64E0D8E3-B3C9-4C63-A09F-BBFF2ACDFB21}"
EndProject
Project("{FAE04EC0-301F-11D3-BF4B-00C04F79EFBC}") = "LF.Figure", "LF.Figure\LF.Figure.csproj", "{6D63E2A5-A0ED-45D9-B5E8-E4CCB1353949}"
EndProject
Global
	GlobalSection(SolutionConfigurationPlatforms) = preSolution
		Debug|Any CPU = Debug|Any CPU
		Release|Any CPU = Release|Any CPU
	EndGlobalSection
	GlobalSection(ProjectConfigurationPlatforms) = postSolution
		{64E0D8E3-B3C9-4C63-A09F-BBFF2ACDFB21}.Debug|Any CPU.ActiveCfg = Debug|Any CPU
		{64E0D8E3-B3C9-4C63-A09F-BBFF2ACDFB21}.Debug|Any CPU.Build.0 = Debug|Any CPU
		{64E0D8E3-B3C9-4C63-A09F-BBFF2ACDFB21}.Release|Any CPU.ActiveCfg = Release|Any CPU
		{64E0D8E3-B3C9-4C63-A09F-BBFF2ACDFB21}.Release|Any CPU.Build.0 = Release|Any CPU
		{6D63E2A5-A0ED-45D9-B5E8-E4CCB1353949}.Debug|Any CPU.ActiveCfg = Debug|Any CPU
		{6D63E2A5-A0ED-45D9-B5E8-E4CCB1353949}.Debug|Any CPU.Build.0 = Debug|Any CPU
		{6D63E2A5-A0ED-45D9-B5E8-E4CCB1353949}.Release|Any CPU.ActiveCfg = Release|Any CPU
		{6D63E2A5-A0ED-45D9-B5E8-E4CCB1353949}.Release|Any CPU.Build.0 = Release|Any CPU
	EndGlobalSection
	GlobalSection(SolutionProperties) = preSolution
		HideSolutionNode = FALSE
	EndGlobalSection
	GlobalSection(ExtensibilityGlobals) = postSolution
		SolutionGuid = {52EF4A4E-D59C-422C-B384-9DC27BA6776B}
	EndGlobalSection
EndGlobal
