
Microsoft Visual Studio Solution File, Format Version 12.00
# Visual Studio Version 16
VisualStudioVersion = 16.0.31205.134
MinimumVisualStudioVersion = 10.0.40219.1
Project("{2150E333-8FDC-42A3-9474-1A3956D46DE8}") = "Lib", "Lib", "{C35037C7-8AFC-49B1-AC95-D147D0207880}"
EndProject
Project("{2150E333-8FDC-42A3-9474-1A3956D46DE8}") = "Pro", "Pro", "{3CDDD1A0-A8DA-4B27-ABA3-FD2940B3E245}"
EndProject
Project("{FAE04EC0-301F-11D3-BF4B-00C04F79EFBC}") = "LF.WPFControl", "..\..\Libraries\UI\LF.WPFControl\LF.WPFControl.csproj", "{21F70D39-5B21-468C-AD20-FE624FEC6AE3}"
EndProject
Project("{FAE04EC0-301F-11D3-BF4B-00C04F79EFBC}") = "LF.AircraftDesign", "..\..\Libraries\Academics\LF.AircraftDesign\LF.AircraftDesign.csproj", "{984E3AFC-518C-4466-8CE3-9587CD2E7BC9}"
EndProject
Project("{FAE04EC0-301F-11D3-BF4B-00C04F79EFBC}") = "LF.AircraftDesign.Project", "LF.AircraftDesign.Project\LF.AircraftDesign.Project.csproj", "{3371781C-A509-4D21-A2C9-0D3C72340F91}"
EndProject
Project("{FAE04EC0-301F-11D3-BF4B-00C04F79EFBC}") = "LF", "..\..\Libraries\Common\LF\LF.csproj", "{E2AF2210-1713-4D1A-BB15-BD5F797265A6}"
EndProject
Project("{FAE04EC0-301F-11D3-BF4B-00C04F79EFBC}") = "LF.CSharpCatia.Project", "LF.CSharpCatia.Project\LF.CSharpCatia.Project.csproj", "{8FD42FCF-4FFC-4122-A9E2-5D065789202F}"
EndProject
Project("{FAE04EC0-301F-11D3-BF4B-00C04F79EFBC}") = "LF.CSharpCaita", "..\..\Libraries\Engineering\LF.CSharpCaita\LF.CSharpCaita.csproj", "{9DD72460-9D5F-4375-A981-F319270A8E19}"
EndProject
Global
	GlobalSection(SolutionConfigurationPlatforms) = preSolution
		Debug|Any CPU = Debug|Any CPU
		Release|Any CPU = Release|Any CPU
	EndGlobalSection
	GlobalSection(ProjectConfigurationPlatforms) = postSolution
		{21F70D39-5B21-468C-AD20-FE624FEC6AE3}.Debug|Any CPU.ActiveCfg = Debug|Any CPU
		{21F70D39-5B21-468C-AD20-FE624FEC6AE3}.Debug|Any CPU.Build.0 = Debug|Any CPU
		{21F70D39-5B21-468C-AD20-FE624FEC6AE3}.Release|Any CPU.ActiveCfg = Release|Any CPU
		{21F70D39-5B21-468C-AD20-FE624FEC6AE3}.Release|Any CPU.Build.0 = Release|Any CPU
		{984E3AFC-518C-4466-8CE3-9587CD2E7BC9}.Debug|Any CPU.ActiveCfg = Debug|Any CPU
		{984E3AFC-518C-4466-8CE3-9587CD2E7BC9}.Debug|Any CPU.Build.0 = Debug|Any CPU
		{984E3AFC-518C-4466-8CE3-9587CD2E7BC9}.Release|Any CPU.ActiveCfg = Release|Any CPU
		{984E3AFC-518C-4466-8CE3-9587CD2E7BC9}.Release|Any CPU.Build.0 = Release|Any CPU
		{3371781C-A509-4D21-A2C9-0D3C72340F91}.Debug|Any CPU.ActiveCfg = Debug|Any CPU
		{3371781C-A509-4D21-A2C9-0D3C72340F91}.Debug|Any CPU.Build.0 = Debug|Any CPU
		{3371781C-A509-4D21-A2C9-0D3C72340F91}.Release|Any CPU.ActiveCfg = Release|Any CPU
		{3371781C-A509-4D21-A2C9-0D3C72340F91}.Release|Any CPU.Build.0 = Release|Any CPU
		{E2AF2210-1713-4D1A-BB15-BD5F797265A6}.Debug|Any CPU.ActiveCfg = Debug|Any CPU
		{E2AF2210-1713-4D1A-BB15-BD5F797265A6}.Debug|Any CPU.Build.0 = Debug|Any CPU
		{E2AF2210-1713-4D1A-BB15-BD5F797265A6}.Release|Any CPU.ActiveCfg = Release|Any CPU
		{E2AF2210-1713-4D1A-BB15-BD5F797265A6}.Release|Any CPU.Build.0 = Release|Any CPU
		{8FD42FCF-4FFC-4122-A9E2-5D065789202F}.Debug|Any CPU.ActiveCfg = Debug|Any CPU
		{8FD42FCF-4FFC-4122-A9E2-5D065789202F}.Debug|Any CPU.Build.0 = Debug|Any CPU
		{8FD42FCF-4FFC-4122-A9E2-5D065789202F}.Release|Any CPU.ActiveCfg = Release|Any CPU
		{8FD42FCF-4FFC-4122-A9E2-5D065789202F}.Release|Any CPU.Build.0 = Release|Any CPU
		{9DD72460-9D5F-4375-A981-F319270A8E19}.Debug|Any CPU.ActiveCfg = Debug|Any CPU
		{9DD72460-9D5F-4375-A981-F319270A8E19}.Debug|Any CPU.Build.0 = Debug|Any CPU
		{9DD72460-9D5F-4375-A981-F319270A8E19}.Release|Any CPU.ActiveCfg = Release|Any CPU
		{9DD72460-9D5F-4375-A981-F319270A8E19}.Release|Any CPU.Build.0 = Release|Any CPU
	EndGlobalSection
	GlobalSection(SolutionProperties) = preSolution
		HideSolutionNode = FALSE
	EndGlobalSection
	GlobalSection(NestedProjects) = preSolution
		{21F70D39-5B21-468C-AD20-FE624FEC6AE3} = {C35037C7-8AFC-49B1-AC95-D147D0207880}
		{984E3AFC-518C-4466-8CE3-9587CD2E7BC9} = {C35037C7-8AFC-49B1-AC95-D147D0207880}
		{3371781C-A509-4D21-A2C9-0D3C72340F91} = {3CDDD1A0-A8DA-4B27-ABA3-FD2940B3E245}
		{E2AF2210-1713-4D1A-BB15-BD5F797265A6} = {C35037C7-8AFC-49B1-AC95-D147D0207880}
		{8FD42FCF-4FFC-4122-A9E2-5D065789202F} = {3CDDD1A0-A8DA-4B27-ABA3-FD2940B3E245}
		{9DD72460-9D5F-4375-A981-F319270A8E19} = {C35037C7-8AFC-49B1-AC95-D147D0207880}
	EndGlobalSection
	GlobalSection(ExtensibilityGlobals) = postSolution
		SolutionGuid = {90352038-7D76-4E70-91E5-24333E4BAED9}
	EndGlobalSection
EndGlobal
