
Microsoft Visual Studio Solution File, Format Version 12.00
# Visual Studio Version 16
VisualStudioVersion = 16.0.29503.13
MinimumVisualStudioVersion = 10.0.40219.1
Project("{FAE04EC0-301F-11D3-BF4B-00C04F79EFBC}") = "LF.Project", "LF.Project\LF.Project.csproj", "{EBF79BD9-98F6-42B9-844B-463DE7349168}"
EndProject
Project("{2150E333-8FDC-42A3-9474-1A3956D46DE8}") = "Library", "Library", "{D772325D-8BAA-46A4-847C-2A34A4F3BAC0}"
EndProject
Project("{2150E333-8FDC-42A3-9474-1A3956D46DE8}") = "Project", "Project", "{50A3FF16-8F88-4AC9-B85A-3D9F046DFDE7}"
EndProject
Project("{FAE04EC0-301F-11D3-BF4B-00C04F79EFBC}") = "LF.SwarmSystem.Project", "LF.SwarmSystem.Project\LF.SwarmSystem.Project.csproj", "{F1CDEC28-8466-42D6-A5FC-9FAA69478E02}"
EndProject
Project("{FAE04EC0-301F-11D3-BF4B-00C04F79EFBC}") = "LF.Linker.Project", "LF.Linker.Project\LF.Linker.Project.csproj", "{4C953EF3-CFF8-41C5-B764-00A686B5D70A}"
EndProject
Project("{FAE04EC0-301F-11D3-BF4B-00C04F79EFBC}") = "LF.Mathematics", "..\Library\LF.Mathematics\LF.Mathematics.csproj", "{1C32BED7-DBD5-4F88-A2BE-F181BC263675}"
EndProject
Project("{FAE04EC0-301F-11D3-BF4B-00C04F79EFBC}") = "LF.Figure", "..\Library\LF.Figure\LF.Figure.csproj", "{80FE5EC8-D433-45B6-91B6-E0B5A3BDCB31}"
EndProject
Project("{FAE04EC0-301F-11D3-BF4B-00C04F79EFBC}") = "LF.WhisperLink", "..\Library\LF.WhisperLink\LF.WhisperLink.csproj", "{69176CC2-4FA2-4BD8-9830-E2DE0192497C}"
EndProject
Project("{FAE04EC0-301F-11D3-BF4B-00C04F79EFBC}") = "LF.FlightControl", "..\Library\LF.FlightControl\LF.FlightControl.csproj", "{3ADF394D-5116-4B47-BCB6-DF1DDA401BAB}"
EndProject
Project("{FAE04EC0-301F-11D3-BF4B-00C04F79EFBC}") = "LF.Mechanics", "..\Library\LF.Mechanics\LF.Mechanics.csproj", "{15F1E068-4D7F-4443-BFFC-A7BA05030EAE}"
EndProject
Project("{FAE04EC0-301F-11D3-BF4B-00C04F79EFBC}") = "LF.TaskAllocation", "..\Library\LF.TaskAllocation\LF.TaskAllocation.csproj", "{0CB8153E-BEFD-466C-BDA3-BFAFC7CBE220}"
EndProject
Project("{FAE04EC0-301F-11D3-BF4B-00C04F79EFBC}") = "LF.Aircraft", "..\Library\LF.Aircraft\LF.Aircraft.csproj", "{80A66361-53C5-4DBD-B9C6-7C16000E7394}"
EndProject
Project("{FAE04EC0-301F-11D3-BF4B-00C04F79EFBC}") = "LF.UnmannedSystem", "..\Library\LF.UnmannedSystem\LF.UnmannedSystem.csproj", "{578D22B9-B2E4-4FD5-8603-8B6D0C4BC7D2}"
EndProject
Project("{FAE04EC0-301F-11D3-BF4B-00C04F79EFBC}") = "LF.FlightControl.Project", "LF.FlightControl.Project\LF.FlightControl.Project.csproj", "{3E396AF0-E7A7-413F-87AF-9FA88670A695}"
EndProject
Global
	GlobalSection(SolutionConfigurationPlatforms) = preSolution
		Debug|Any CPU = Debug|Any CPU
		Release|Any CPU = Release|Any CPU
	EndGlobalSection
	GlobalSection(ProjectConfigurationPlatforms) = postSolution
		{EBF79BD9-98F6-42B9-844B-463DE7349168}.Debug|Any CPU.ActiveCfg = Debug|Any CPU
		{EBF79BD9-98F6-42B9-844B-463DE7349168}.Debug|Any CPU.Build.0 = Debug|Any CPU
		{EBF79BD9-98F6-42B9-844B-463DE7349168}.Release|Any CPU.ActiveCfg = Release|Any CPU
		{EBF79BD9-98F6-42B9-844B-463DE7349168}.Release|Any CPU.Build.0 = Release|Any CPU
		{F1CDEC28-8466-42D6-A5FC-9FAA69478E02}.Debug|Any CPU.ActiveCfg = Debug|Any CPU
		{F1CDEC28-8466-42D6-A5FC-9FAA69478E02}.Debug|Any CPU.Build.0 = Debug|Any CPU
		{F1CDEC28-8466-42D6-A5FC-9FAA69478E02}.Release|Any CPU.ActiveCfg = Release|Any CPU
		{F1CDEC28-8466-42D6-A5FC-9FAA69478E02}.Release|Any CPU.Build.0 = Release|Any CPU
		{4C953EF3-CFF8-41C5-B764-00A686B5D70A}.Debug|Any CPU.ActiveCfg = Debug|Any CPU
		{4C953EF3-CFF8-41C5-B764-00A686B5D70A}.Debug|Any CPU.Build.0 = Debug|Any CPU
		{4C953EF3-CFF8-41C5-B764-00A686B5D70A}.Release|Any CPU.ActiveCfg = Release|Any CPU
		{4C953EF3-CFF8-41C5-B764-00A686B5D70A}.Release|Any CPU.Build.0 = Release|Any CPU
		{1C32BED7-DBD5-4F88-A2BE-F181BC263675}.Debug|Any CPU.ActiveCfg = Debug|Any CPU
		{1C32BED7-DBD5-4F88-A2BE-F181BC263675}.Debug|Any CPU.Build.0 = Debug|Any CPU
		{1C32BED7-DBD5-4F88-A2BE-F181BC263675}.Release|Any CPU.ActiveCfg = Release|Any CPU
		{1C32BED7-DBD5-4F88-A2BE-F181BC263675}.Release|Any CPU.Build.0 = Release|Any CPU
		{80FE5EC8-D433-45B6-91B6-E0B5A3BDCB31}.Debug|Any CPU.ActiveCfg = Debug|Any CPU
		{80FE5EC8-D433-45B6-91B6-E0B5A3BDCB31}.Debug|Any CPU.Build.0 = Debug|Any CPU
		{80FE5EC8-D433-45B6-91B6-E0B5A3BDCB31}.Release|Any CPU.ActiveCfg = Release|Any CPU
		{80FE5EC8-D433-45B6-91B6-E0B5A3BDCB31}.Release|Any CPU.Build.0 = Release|Any CPU
		{69176CC2-4FA2-4BD8-9830-E2DE0192497C}.Debug|Any CPU.ActiveCfg = Debug|Any CPU
		{69176CC2-4FA2-4BD8-9830-E2DE0192497C}.Debug|Any CPU.Build.0 = Debug|Any CPU
		{69176CC2-4FA2-4BD8-9830-E2DE0192497C}.Release|Any CPU.ActiveCfg = Release|Any CPU
		{69176CC2-4FA2-4BD8-9830-E2DE0192497C}.Release|Any CPU.Build.0 = Release|Any CPU
		{3ADF394D-5116-4B47-BCB6-DF1DDA401BAB}.Debug|Any CPU.ActiveCfg = Debug|Any CPU
		{3ADF394D-5116-4B47-BCB6-DF1DDA401BAB}.Debug|Any CPU.Build.0 = Debug|Any CPU
		{3ADF394D-5116-4B47-BCB6-DF1DDA401BAB}.Release|Any CPU.ActiveCfg = Release|Any CPU
		{3ADF394D-5116-4B47-BCB6-DF1DDA401BAB}.Release|Any CPU.Build.0 = Release|Any CPU
		{15F1E068-4D7F-4443-BFFC-A7BA05030EAE}.Debug|Any CPU.ActiveCfg = Debug|Any CPU
		{15F1E068-4D7F-4443-BFFC-A7BA05030EAE}.Debug|Any CPU.Build.0 = Debug|Any CPU
		{15F1E068-4D7F-4443-BFFC-A7BA05030EAE}.Release|Any CPU.ActiveCfg = Release|Any CPU
		{15F1E068-4D7F-4443-BFFC-A7BA05030EAE}.Release|Any CPU.Build.0 = Release|Any CPU
		{0CB8153E-BEFD-466C-BDA3-BFAFC7CBE220}.Debug|Any CPU.ActiveCfg = Debug|Any CPU
		{0CB8153E-BEFD-466C-BDA3-BFAFC7CBE220}.Debug|Any CPU.Build.0 = Debug|Any CPU
		{0CB8153E-BEFD-466C-BDA3-BFAFC7CBE220}.Release|Any CPU.ActiveCfg = Release|Any CPU
		{0CB8153E-BEFD-466C-BDA3-BFAFC7CBE220}.Release|Any CPU.Build.0 = Release|Any CPU
		{80A66361-53C5-4DBD-B9C6-7C16000E7394}.Debug|Any CPU.ActiveCfg = Debug|Any CPU
		{80A66361-53C5-4DBD-B9C6-7C16000E7394}.Debug|Any CPU.Build.0 = Debug|Any CPU
		{80A66361-53C5-4DBD-B9C6-7C16000E7394}.Release|Any CPU.ActiveCfg = Release|Any CPU
		{80A66361-53C5-4DBD-B9C6-7C16000E7394}.Release|Any CPU.Build.0 = Release|Any CPU
		{578D22B9-B2E4-4FD5-8603-8B6D0C4BC7D2}.Debug|Any CPU.ActiveCfg = Debug|Any CPU
		{578D22B9-B2E4-4FD5-8603-8B6D0C4BC7D2}.Debug|Any CPU.Build.0 = Debug|Any CPU
		{578D22B9-B2E4-4FD5-8603-8B6D0C4BC7D2}.Release|Any CPU.ActiveCfg = Release|Any CPU
		{578D22B9-B2E4-4FD5-8603-8B6D0C4BC7D2}.Release|Any CPU.Build.0 = Release|Any CPU
		{3E396AF0-E7A7-413F-87AF-9FA88670A695}.Debug|Any CPU.ActiveCfg = Debug|Any CPU
		{3E396AF0-E7A7-413F-87AF-9FA88670A695}.Debug|Any CPU.Build.0 = Debug|Any CPU
		{3E396AF0-E7A7-413F-87AF-9FA88670A695}.Release|Any CPU.ActiveCfg = Release|Any CPU
		{3E396AF0-E7A7-413F-87AF-9FA88670A695}.Release|Any CPU.Build.0 = Release|Any CPU
	EndGlobalSection
	GlobalSection(SolutionProperties) = preSolution
		HideSolutionNode = FALSE
	EndGlobalSection
	GlobalSection(NestedProjects) = preSolution
		{EBF79BD9-98F6-42B9-844B-463DE7349168} = {50A3FF16-8F88-4AC9-B85A-3D9F046DFDE7}
		{F1CDEC28-8466-42D6-A5FC-9FAA69478E02} = {50A3FF16-8F88-4AC9-B85A-3D9F046DFDE7}
		{4C953EF3-CFF8-41C5-B764-00A686B5D70A} = {50A3FF16-8F88-4AC9-B85A-3D9F046DFDE7}
		{1C32BED7-DBD5-4F88-A2BE-F181BC263675} = {D772325D-8BAA-46A4-847C-2A34A4F3BAC0}
		{80FE5EC8-D433-45B6-91B6-E0B5A3BDCB31} = {D772325D-8BAA-46A4-847C-2A34A4F3BAC0}
		{69176CC2-4FA2-4BD8-9830-E2DE0192497C} = {D772325D-8BAA-46A4-847C-2A34A4F3BAC0}
		{3ADF394D-5116-4B47-BCB6-DF1DDA401BAB} = {D772325D-8BAA-46A4-847C-2A34A4F3BAC0}
		{15F1E068-4D7F-4443-BFFC-A7BA05030EAE} = {D772325D-8BAA-46A4-847C-2A34A4F3BAC0}
		{0CB8153E-BEFD-466C-BDA3-BFAFC7CBE220} = {D772325D-8BAA-46A4-847C-2A34A4F3BAC0}
		{80A66361-53C5-4DBD-B9C6-7C16000E7394} = {D772325D-8BAA-46A4-847C-2A34A4F3BAC0}
		{578D22B9-B2E4-4FD5-8603-8B6D0C4BC7D2} = {D772325D-8BAA-46A4-847C-2A34A4F3BAC0}
		{3E396AF0-E7A7-413F-87AF-9FA88670A695} = {50A3FF16-8F88-4AC9-B85A-3D9F046DFDE7}
	EndGlobalSection
	GlobalSection(ExtensibilityGlobals) = postSolution
		SolutionGuid = {ED7D56F3-9EEE-487F-B28F-D2ADD99BF0C5}
	EndGlobalSection
EndGlobal
